
Microsoft Visual Studio Solution File, Format Version 12.00
# Visual Studio Version 16
VisualStudioVersion = 16.0.30309.148
MinimumVisualStudioVersion = 10.0.40219.1
Project("{2150E333-8FDC-42A3-9474-1A3956D46DE8}") = "src", "src", "{4F5693C2-DA02-4354-97D4-C121E464EB5C}"
EndProject
Project("{2150E333-8FDC-42A3-9474-1A3956D46DE8}") = "Web.API", "Web.API", "{3186DE0B-9300-489B-B139-317845D17DE1}"
EndProject
Project("{2150E333-8FDC-42A3-9474-1A3956D46DE8}") = "Web.Client", "Web.Client", "{7FEB700A-2CCE-42BA-AFF3-F18F89E7331F}"
EndProject
Project("{9A19103F-16F7-4668-BE54-9A1E7A4F7556}") = "Sales.API", "Sales.API\Sales.API.csproj", "{4E0F5357-6AF1-4580-9CC4-62E2B77522D5}"
EndProject
Project("{9A19103F-16F7-4668-BE54-9A1E7A4F7556}") = "Sales.DAL", "Sales.DAL\Sales.DAL.csproj", "{E2154B66-603F-4247-9B8B-FC56B7497864}"
EndProject
Project("{9A19103F-16F7-4668-BE54-9A1E7A4F7556}") = "Sales.BLL", "Sales.BLL\Sales.BLL.csproj", "{FAD67906-3EB2-4E89-8CFD-D048052746C9}"
EndProject
Project("{9A19103F-16F7-4668-BE54-9A1E7A4F7556}") = "Sales.Entities", "Sales.Entities\Sales.Entities.csproj", "{96D0C34D-A897-43AB-8C5A-0B84601AC66F}"
EndProject
Project("{9A19103F-16F7-4668-BE54-9A1E7A4F7556}") = "Sales.UI", "Sales.UI\Sales.UI.csproj", "{D2865EE9-704A-4BA1-ACB2-EF1A07A198C8}"
EndProject
Project("{FAE04EC0-301F-11D3-BF4B-00C04F79EFBC}") = "IntegrationTest", "IntegrationTest\IntegrationTest.csproj", "{51D5F893-8E96-4E2F-B5ED-72C2219E09FF}"
EndProject
Global
	GlobalSection(SolutionConfigurationPlatforms) = preSolution
		Debug|Any CPU = Debug|Any CPU
		Release|Any CPU = Release|Any CPU
	EndGlobalSection
	GlobalSection(ProjectConfigurationPlatforms) = postSolution
		{4E0F5357-6AF1-4580-9CC4-62E2B77522D5}.Debug|Any CPU.ActiveCfg = Debug|Any CPU
		{4E0F5357-6AF1-4580-9CC4-62E2B77522D5}.Debug|Any CPU.Build.0 = Debug|Any CPU
		{4E0F5357-6AF1-4580-9CC4-62E2B77522D5}.Release|Any CPU.ActiveCfg = Release|Any CPU
		{4E0F5357-6AF1-4580-9CC4-62E2B77522D5}.Release|Any CPU.Build.0 = Release|Any CPU
		{E2154B66-603F-4247-9B8B-FC56B7497864}.Debug|Any CPU.ActiveCfg = Debug|Any CPU
		{E2154B66-603F-4247-9B8B-FC56B7497864}.Debug|Any CPU.Build.0 = Debug|Any CPU
		{E2154B66-603F-4247-9B8B-FC56B7497864}.Release|Any CPU.ActiveCfg = Release|Any CPU
		{E2154B66-603F-4247-9B8B-FC56B7497864}.Release|Any CPU.Build.0 = Release|Any CPU
		{FAD67906-3EB2-4E89-8CFD-D048052746C9}.Debug|Any CPU.ActiveCfg = Debug|Any CPU
		{FAD67906-3EB2-4E89-8CFD-D048052746C9}.Debug|Any CPU.Build.0 = Debug|Any CPU
		{FAD67906-3EB2-4E89-8CFD-D048052746C9}.Release|Any CPU.ActiveCfg = Release|Any CPU
		{FAD67906-3EB2-4E89-8CFD-D048052746C9}.Release|Any CPU.Build.0 = Release|Any CPU
		{96D0C34D-A897-43AB-8C5A-0B84601AC66F}.Debug|Any CPU.ActiveCfg = Debug|Any CPU
		{96D0C34D-A897-43AB-8C5A-0B84601AC66F}.Debug|Any CPU.Build.0 = Debug|Any CPU
		{96D0C34D-A897-43AB-8C5A-0B84601AC66F}.Release|Any CPU.ActiveCfg = Release|Any CPU
		{96D0C34D-A897-43AB-8C5A-0B84601AC66F}.Release|Any CPU.Build.0 = Release|Any CPU
		{D2865EE9-704A-4BA1-ACB2-EF1A07A198C8}.Debug|Any CPU.ActiveCfg = Debug|Any CPU
		{D2865EE9-704A-4BA1-ACB2-EF1A07A198C8}.Debug|Any CPU.Build.0 = Debug|Any CPU
		{D2865EE9-704A-4BA1-ACB2-EF1A07A198C8}.Release|Any CPU.ActiveCfg = Release|Any CPU
		{D2865EE9-704A-4BA1-ACB2-EF1A07A198C8}.Release|Any CPU.Build.0 = Release|Any CPU
		{51D5F893-8E96-4E2F-B5ED-72C2219E09FF}.Debug|Any CPU.ActiveCfg = Debug|Any CPU
		{51D5F893-8E96-4E2F-B5ED-72C2219E09FF}.Debug|Any CPU.Build.0 = Debug|Any CPU
		{51D5F893-8E96-4E2F-B5ED-72C2219E09FF}.Release|Any CPU.ActiveCfg = Release|Any CPU
		{51D5F893-8E96-4E2F-B5ED-72C2219E09FF}.Release|Any CPU.Build.0 = Release|Any CPU
	EndGlobalSection
	GlobalSection(SolutionProperties) = preSolution
		HideSolutionNode = FALSE
	EndGlobalSection
	GlobalSection(NestedProjects) = preSolution
		{3186DE0B-9300-489B-B139-317845D17DE1} = {4F5693C2-DA02-4354-97D4-C121E464EB5C}
		{7FEB700A-2CCE-42BA-AFF3-F18F89E7331F} = {4F5693C2-DA02-4354-97D4-C121E464EB5C}
		{4E0F5357-6AF1-4580-9CC4-62E2B77522D5} = {3186DE0B-9300-489B-B139-317845D17DE1}
		{E2154B66-603F-4247-9B8B-FC56B7497864} = {3186DE0B-9300-489B-B139-317845D17DE1}
		{FAD67906-3EB2-4E89-8CFD-D048052746C9} = {3186DE0B-9300-489B-B139-317845D17DE1}
		{96D0C34D-A897-43AB-8C5A-0B84601AC66F} = {3186DE0B-9300-489B-B139-317845D17DE1}
		{D2865EE9-704A-4BA1-ACB2-EF1A07A198C8} = {7FEB700A-2CCE-42BA-AFF3-F18F89E7331F}
	EndGlobalSection
	GlobalSection(ExtensibilityGlobals) = postSolution
		SolutionGuid = {3E0B4B0B-B270-4031-8DC7-1819606EBA54}
	EndGlobalSection
EndGlobal
